// !$*UTF8*$!
{
	archiveVersion = 1;
	classes = {
	};
	objectVersion = 56;
	objects = {

/* Begin PBXBuildFile section */
		100000000000000000000001 /* AppDelegate.swift in Sources */ = {isa = PBXBuildFile; fileRef = 100000000000000000000101 /* AppDelegate.swift */; };
		100000000000000000000013 /* main.swift in Sources */ = {isa = PBXBuildFile; fileRef = 100000000000000000000113 /* main.swift */; };
		100000000000000000000002 /* CalendarAccessState.swift in Sources */ = {isa = PBXBuildFile; fileRef = 100000000000000000000102 /* CalendarAccessState.swift */; };
		100000000000000000000003 /* MenuBarDisplayMode.swift in Sources */ = {isa = PBXBuildFile; fileRef = 100000000000000000000103 /* MenuBarDisplayMode.swift */; };
		100000000000000000000004 /* CalendarEvent.swift in Sources */ = {isa = PBXBuildFile; fileRef = 100000000000000000000104 /* CalendarEvent.swift */; };
		100000000000000000000005 /* CalendarProviding.swift in Sources */ = {isa = PBXBuildFile; fileRef = 100000000000000000000105 /* CalendarProviding.swift */; };
		100000000000000000000006 /* EventKitCalendarProvider.swift in Sources */ = {isa = PBXBuildFile; fileRef = 100000000000000000000106 /* EventKitCalendarProvider.swift */; };
		100000000000000000000007 /* CalendarRefreshCoordinator.swift in Sources */ = {isa = PBXBuildFile; fileRef = 100000000000000000000107 /* CalendarRefreshCoordinator.swift */; };
		100000000000000000000008 /* MenuBarController.swift in Sources */ = {isa = PBXBuildFile; fileRef = 100000000000000000000108 /* MenuBarController.swift */; };
		100000000000000000000009 /* MenuBuilder.swift in Sources */ = {isa = PBXBuildFile; fileRef = 100000000000000000000109 /* MenuBuilder.swift */; };
		10000000000000000000000A /* MenuBarLabelFormatter.swift in Sources */ = {isa = PBXBuildFile; fileRef = 10000000000000000000010A /* MenuBarLabelFormatter.swift */; };
		10000000000000000000000B /* MenuIconRenderer.swift in Sources */ = {isa = PBXBuildFile; fileRef = 10000000000000000000010B /* MenuIconRenderer.swift */; };
		10000000000000000000000C /* SettingsStore.swift in Sources */ = {isa = PBXBuildFile; fileRef = 10000000000000000000010C /* SettingsStore.swift */; };
		10000000000000000000000D /* SettingsWindowController.swift in Sources */ = {isa = PBXBuildFile; fileRef = 10000000000000000000010D /* SettingsWindowController.swift */; };
		10000000000000000000000E /* SettingsView.swift in Sources */ = {isa = PBXBuildFile; fileRef = 10000000000000000000010E /* SettingsView.swift */; };
		10000000000000000000000F /* DateFormatting.swift in Sources */ = {isa = PBXBuildFile; fileRef = 10000000000000000000010F /* DateFormatting.swift */; };
		100000000000000000000010 /* PerchLog.swift in Sources */ = {isa = PBXBuildFile; fileRef = 100000000000000000000112 /* PerchLog.swift */; };
		100000000000000000000014 /* GlobalHotKeyController.swift in Sources */ = {isa = PBXBuildFile; fileRef = 100000000000000000000114 /* GlobalHotKeyController.swift */; };
		100000000000000000000016 /* CalendarPermissionController.swift in Sources */ = {isa = PBXBuildFile; fileRef = 100000000000000000000115 /* CalendarPermissionController.swift */; };
		100000000000000000000017 /* GlobalShortcut.swift in Sources */ = {isa = PBXBuildFile; fileRef = 100000000000000000000116 /* GlobalShortcut.swift */; };
		100000000000000000000018 /* CalendarEventVisibility.swift in Sources */ = {isa = PBXBuildFile; fileRef = 100000000000000000000117 /* CalendarEventVisibility.swift */; };
		100000000000000000000019 /* CalendarEventOpenURLBuilder.swift in Sources */ = {isa = PBXBuildFile; fileRef = 100000000000000000000118 /* CalendarEventOpenURLBuilder.swift */; };
		10000000000000000000001A /* ZoomMeetingLinkExtractor.swift in Sources */ = {isa = PBXBuildFile; fileRef = 100000000000000000000119 /* ZoomMeetingLinkExtractor.swift */; };
		10000000000000000000001B /* DateIconDebugSettings.swift in Sources */ = {isa = PBXBuildFile; fileRef = 10000000000000000000011B /* DateIconDebugSettings.swift */; };
		10000000000000000000001C /* EventTitleTruncator.swift in Sources */ = {isa = PBXBuildFile; fileRef = 10000000000000000000011C /* EventTitleTruncator.swift */; };
		100000000000000000000011 /* EventKit.framework in Frameworks */ = {isa = PBXBuildFile; fileRef = 100000000000000000000201 /* EventKit.framework */; };
		100000000000000000000012 /* SwiftUI.framework in Frameworks */ = {isa = PBXBuildFile; fileRef = 100000000000000000000202 /* SwiftUI.framework */; };
		100000000000000000000015 /* Carbon.framework in Frameworks */ = {isa = PBXBuildFile; fileRef = 100000000000000000000203 /* Carbon.framework */; };
		100000000000000000000021 /* MenuBarLabelFormatterTests.swift in Sources */ = {isa = PBXBuildFile; fileRef = 100000000000000000000121 /* MenuBarLabelFormatterTests.swift */; };
		100000000000000000000022 /* MenuBuilderTests.swift in Sources */ = {isa = PBXBuildFile; fileRef = 100000000000000000000122 /* MenuBuilderTests.swift */; };
		100000000000000000000023 /* SettingsStoreTests.swift in Sources */ = {isa = PBXBuildFile; fileRef = 100000000000000000000123 /* SettingsStoreTests.swift */; };
		100000000000000000000024 /* CalendarAccessStateTests.swift in Sources */ = {isa = PBXBuildFile; fileRef = 100000000000000000000124 /* CalendarAccessStateTests.swift */; };
		100000000000000000000025 /* CalendarPermissionControllerTests.swift in Sources */ = {isa = PBXBuildFile; fileRef = 100000000000000000000125 /* CalendarPermissionControllerTests.swift */; };
		100000000000000000000026 /* SettingsViewModelTests.swift in Sources */ = {isa = PBXBuildFile; fileRef = 100000000000000000000126 /* SettingsViewModelTests.swift */; };
		100000000000000000000027 /* GlobalShortcutTests.swift in Sources */ = {isa = PBXBuildFile; fileRef = 100000000000000000000127 /* GlobalShortcutTests.swift */; };
		100000000000000000000028 /* GlobalHotKeyControllerTests.swift in Sources */ = {isa = PBXBuildFile; fileRef = 100000000000000000000128 /* GlobalHotKeyControllerTests.swift */; };
		100000000000000000000029 /* CalendarEventOpenURLBuilderTests.swift in Sources */ = {isa = PBXBuildFile; fileRef = 100000000000000000000129 /* CalendarEventOpenURLBuilderTests.swift */; };
		10000000000000000000002A /* ZoomMeetingLinkExtractorTests.swift in Sources */ = {isa = PBXBuildFile; fileRef = 10000000000000000000012A /* ZoomMeetingLinkExtractorTests.swift */; };
		10000000000000000000002B /* MenuIconRendererTests.swift in Sources */ = {isa = PBXBuildFile; fileRef = 10000000000000000000012B /* MenuIconRendererTests.swift */; };
/* End PBXBuildFile section */

/* Begin PBXContainerItemProxy section */
		100000000000000000000301 /* PBXContainerItemProxy */ = {
			isa = PBXContainerItemProxy;
			containerPortal = 100000000000000000000401 /* Project object */;
			proxyType = 1;
			remoteGlobalIDString = 100000000000000000000501;
			remoteInfo = Perch;
		};
/* End PBXContainerItemProxy section */

/* Begin PBXFileReference section */
		100000000000000000000101 /* AppDelegate.swift */ = {isa = PBXFileReference; lastKnownFileType = sourcecode.swift; path = AppDelegate.swift; sourceTree = "<group>"; };
		100000000000000000000113 /* main.swift */ = {isa = PBXFileReference; lastKnownFileType = sourcecode.swift; path = main.swift; sourceTree = "<group>"; };
		100000000000000000000102 /* CalendarAccessState.swift */ = {isa = PBXFileReference; lastKnownFileType = sourcecode.swift; path = CalendarAccessState.swift; sourceTree = "<group>"; };
		100000000000000000000103 /* MenuBarDisplayMode.swift */ = {isa = PBXFileReference; lastKnownFileType = sourcecode.swift; path = MenuBarDisplayMode.swift; sourceTree = "<group>"; };
		100000000000000000000104 /* CalendarEvent.swift */ = {isa = PBXFileReference; lastKnownFileType = sourcecode.swift; path = CalendarEvent.swift; sourceTree = "<group>"; };
		100000000000000000000105 /* CalendarProviding.swift */ = {isa = PBXFileReference; lastKnownFileType = sourcecode.swift; path = CalendarProviding.swift; sourceTree = "<group>"; };
		100000000000000000000106 /* EventKitCalendarProvider.swift */ = {isa = PBXFileReference; lastKnownFileType = sourcecode.swift; path = EventKitCalendarProvider.swift; sourceTree = "<group>"; };
		100000000000000000000107 /* CalendarRefreshCoordinator.swift */ = {isa = PBXFileReference; lastKnownFileType = sourcecode.swift; path = CalendarRefreshCoordinator.swift; sourceTree = "<group>"; };
		100000000000000000000108 /* MenuBarController.swift */ = {isa = PBXFileReference; lastKnownFileType = sourcecode.swift; path = MenuBarController.swift; sourceTree = "<group>"; };
		100000000000000000000109 /* MenuBuilder.swift */ = {isa = PBXFileReference; lastKnownFileType = sourcecode.swift; path = MenuBuilder.swift; sourceTree = "<group>"; };
		10000000000000000000010A /* MenuBarLabelFormatter.swift */ = {isa = PBXFileReference; lastKnownFileType = sourcecode.swift; path = MenuBarLabelFormatter.swift; sourceTree = "<group>"; };
		10000000000000000000010B /* MenuIconRenderer.swift */ = {isa = PBXFileReference; lastKnownFileType = sourcecode.swift; path = MenuIconRenderer.swift; sourceTree = "<group>"; };
		10000000000000000000010C /* SettingsStore.swift */ = {isa = PBXFileReference; lastKnownFileType = sourcecode.swift; path = SettingsStore.swift; sourceTree = "<group>"; };
		10000000000000000000010D /* SettingsWindowController.swift */ = {isa = PBXFileReference; lastKnownFileType = sourcecode.swift; path = SettingsWindowController.swift; sourceTree = "<group>"; };
		10000000000000000000010E /* SettingsView.swift */ = {isa = PBXFileReference; lastKnownFileType = sourcecode.swift; path = SettingsView.swift; sourceTree = "<group>"; };
		10000000000000000000010F /* DateFormatting.swift */ = {isa = PBXFileReference; lastKnownFileType = sourcecode.swift; path = DateFormatting.swift; sourceTree = "<group>"; };
		100000000000000000000110 /* Info.plist */ = {isa = PBXFileReference; lastKnownFileType = text.plist.xml; path = Info.plist; sourceTree = "<group>"; };
		100000000000000000000111 /* Perch.entitlements */ = {isa = PBXFileReference; lastKnownFileType = text.plist.entitlements; path = Perch.entitlements; sourceTree = "<group>"; };
		100000000000000000000112 /* PerchLog.swift */ = {isa = PBXFileReference; lastKnownFileType = sourcecode.swift; path = PerchLog.swift; sourceTree = "<group>"; };
		100000000000000000000114 /* GlobalHotKeyController.swift */ = {isa = PBXFileReference; lastKnownFileType = sourcecode.swift; path = GlobalHotKeyController.swift; sourceTree = "<group>"; };
		100000000000000000000115 /* CalendarPermissionController.swift */ = {isa = PBXFileReference; lastKnownFileType = sourcecode.swift; path = CalendarPermissionController.swift; sourceTree = "<group>"; };
		100000000000000000000116 /* GlobalShortcut.swift */ = {isa = PBXFileReference; lastKnownFileType = sourcecode.swift; path = GlobalShortcut.swift; sourceTree = "<group>"; };
		100000000000000000000117 /* CalendarEventVisibility.swift */ = {isa = PBXFileReference; lastKnownFileType = sourcecode.swift; path = CalendarEventVisibility.swift; sourceTree = "<group>"; };
		100000000000000000000118 /* CalendarEventOpenURLBuilder.swift */ = {isa = PBXFileReference; lastKnownFileType = sourcecode.swift; path = CalendarEventOpenURLBuilder.swift; sourceTree = "<group>"; };
		100000000000000000000119 /* ZoomMeetingLinkExtractor.swift */ = {isa = PBXFileReference; lastKnownFileType = sourcecode.swift; path = ZoomMeetingLinkExtractor.swift; sourceTree = "<group>"; };
		10000000000000000000011B /* DateIconDebugSettings.swift */ = {isa = PBXFileReference; lastKnownFileType = sourcecode.swift; path = DateIconDebugSettings.swift; sourceTree = "<group>"; };
		10000000000000000000011C /* EventTitleTruncator.swift */ = {isa = PBXFileReference; lastKnownFileType = sourcecode.swift; path = EventTitleTruncator.swift; sourceTree = "<group>"; };
		100000000000000000000121 /* MenuBarLabelFormatterTests.swift */ = {isa = PBXFileReference; lastKnownFileType = sourcecode.swift; path = MenuBarLabelFormatterTests.swift; sourceTree = "<group>"; };
		100000000000000000000122 /* MenuBuilderTests.swift */ = {isa = PBXFileReference; lastKnownFileType = sourcecode.swift; path = MenuBuilderTests.swift; sourceTree = "<group>"; };
		100000000000000000000123 /* SettingsStoreTests.swift */ = {isa = PBXFileReference; lastKnownFileType = sourcecode.swift; path = SettingsStoreTests.swift; sourceTree = "<group>"; };
		100000000000000000000124 /* CalendarAccessStateTests.swift */ = {isa = PBXFileReference; lastKnownFileType = sourcecode.swift; path = CalendarAccessStateTests.swift; sourceTree = "<group>"; };
		100000000000000000000125 /* CalendarPermissionControllerTests.swift */ = {isa = PBXFileReference; lastKnownFileType = sourcecode.swift; path = CalendarPermissionControllerTests.swift; sourceTree = "<group>"; };
		100000000000000000000126 /* SettingsViewModelTests.swift */ = {isa = PBXFileReference; lastKnownFileType = sourcecode.swift; path = SettingsViewModelTests.swift; sourceTree = "<group>"; };
		100000000000000000000127 /* GlobalShortcutTests.swift */ = {isa = PBXFileReference; lastKnownFileType = sourcecode.swift; path = GlobalShortcutTests.swift; sourceTree = "<group>"; };
		100000000000000000000128 /* GlobalHotKeyControllerTests.swift */ = {isa = PBXFileReference; lastKnownFileType = sourcecode.swift; path = GlobalHotKeyControllerTests.swift; sourceTree = "<group>"; };
		100000000000000000000129 /* CalendarEventOpenURLBuilderTests.swift */ = {isa = PBXFileReference; lastKnownFileType = sourcecode.swift; path = CalendarEventOpenURLBuilderTests.swift; sourceTree = "<group>"; };
		10000000000000000000012A /* ZoomMeetingLinkExtractorTests.swift */ = {isa = PBXFileReference; lastKnownFileType = sourcecode.swift; path = ZoomMeetingLinkExtractorTests.swift; sourceTree = "<group>"; };
		10000000000000000000012B /* MenuIconRendererTests.swift */ = {isa = PBXFileReference; lastKnownFileType = sourcecode.swift; path = MenuIconRendererTests.swift; sourceTree = "<group>"; };
		100000000000000000000201 /* EventKit.framework */ = {isa = PBXFileReference; lastKnownFileType = wrapper.framework; name = EventKit.framework; path = System/Library/Frameworks/EventKit.framework; sourceTree = SDKROOT; };
		100000000000000000000202 /* SwiftUI.framework */ = {isa = PBXFileReference; lastKnownFileType = wrapper.framework; name = SwiftUI.framework; path = System/Library/Frameworks/SwiftUI.framework; sourceTree = SDKROOT; };
		100000000000000000000203 /* Carbon.framework */ = {isa = PBXFileReference; lastKnownFileType = wrapper.framework; name = Carbon.framework; path = System/Library/Frameworks/Carbon.framework; sourceTree = SDKROOT; };
		100000000000000000000601 /* Perch.app */ = {isa = PBXFileReference; explicitFileType = wrapper.application; includeInIndex = 0; path = Perch.app; sourceTree = BUILT_PRODUCTS_DIR; };
		100000000000000000000602 /* PerchTests.xctest */ = {isa = PBXFileReference; explicitFileType = wrapper.cfbundle; includeInIndex = 0; path = PerchTests.xctest; sourceTree = BUILT_PRODUCTS_DIR; };
/* End PBXFileReference section */

/* Begin PBXFrameworksBuildPhase section */
		100000000000000000000701 /* Frameworks */ = {
			isa = PBXFrameworksBuildPhase;
			buildActionMask = 2147483647;
			files = (
				100000000000000000000011 /* EventKit.framework in Frameworks */,
				100000000000000000000012 /* SwiftUI.framework in Frameworks */,
				100000000000000000000015 /* Carbon.framework in Frameworks */,
			);
			runOnlyForDeploymentPostprocessing = 0;
		};
		100000000000000000000702 /* Frameworks */ = {
			isa = PBXFrameworksBuildPhase;
			buildActionMask = 2147483647;
			files = (
			);
			runOnlyForDeploymentPostprocessing = 0;
		};
/* End PBXFrameworksBuildPhase section */

/* Begin PBXGroup section */
		100000000000000000000801 = {
			isa = PBXGroup;
			children = (
				100000000000000000000802 /* Perch */,
				100000000000000000000803 /* PerchTests */,
				100000000000000000000804 /* Frameworks */,
				100000000000000000000805 /* Products */,
			);
			sourceTree = "<group>";
		};
		100000000000000000000802 /* Perch */ = {
			isa = PBXGroup;
			children = (
				100000000000000000000113 /* main.swift */,
				100000000000000000000101 /* AppDelegate.swift */,
				100000000000000000000806 /* Models */,
				100000000000000000000807 /* Calendar */,
				100000000000000000000808 /* MenuBar */,
				100000000000000000000809 /* Settings */,
				10000000000000000000080A /* Utilities */,
				100000000000000000000110 /* Info.plist */,
				100000000000000000000111 /* Perch.entitlements */,
			);
			path = Perch;
			sourceTree = "<group>";
		};
		100000000000000000000803 /* PerchTests */ = {
			isa = PBXGroup;
			children = (
				100000000000000000000121 /* MenuBarLabelFormatterTests.swift */,
				10000000000000000000012B /* MenuIconRendererTests.swift */,
				100000000000000000000122 /* MenuBuilderTests.swift */,
				100000000000000000000123 /* SettingsStoreTests.swift */,
				100000000000000000000124 /* CalendarAccessStateTests.swift */,
				100000000000000000000125 /* CalendarPermissionControllerTests.swift */,
				100000000000000000000126 /* SettingsViewModelTests.swift */,
				100000000000000000000127 /* GlobalShortcutTests.swift */,
				100000000000000000000128 /* GlobalHotKeyControllerTests.swift */,
				100000000000000000000129 /* CalendarEventOpenURLBuilderTests.swift */,
				10000000000000000000012A /* ZoomMeetingLinkExtractorTests.swift */,
			);
			path = PerchTests;
			sourceTree = "<group>";
		};
		100000000000000000000804 /* Frameworks */ = {
			isa = PBXGroup;
			children = (
				100000000000000000000201 /* EventKit.framework */,
				100000000000000000000202 /* SwiftUI.framework */,
				100000000000000000000203 /* Carbon.framework */,
			);
			name = Frameworks;
			sourceTree = "<group>";
		};
		100000000000000000000805 /* Products */ = {
			isa = PBXGroup;
			children = (
				100000000000000000000601 /* Perch.app */,
				100000000000000000000602 /* PerchTests.xctest */,
			);
			name = Products;
			sourceTree = "<group>";
		};
		100000000000000000000806 /* Models */ = {
			isa = PBXGroup;
			children = (
				100000000000000000000102 /* CalendarAccessState.swift */,
				100000000000000000000103 /* MenuBarDisplayMode.swift */,
				100000000000000000000104 /* CalendarEvent.swift */,
				100000000000000000000117 /* CalendarEventVisibility.swift */,
			);
			path = Models;
			sourceTree = "<group>";
		};
		100000000000000000000807 /* Calendar */ = {
			isa = PBXGroup;
			children = (
				100000000000000000000105 /* CalendarProviding.swift */,
				100000000000000000000106 /* EventKitCalendarProvider.swift */,
				100000000000000000000118 /* CalendarEventOpenURLBuilder.swift */,
				100000000000000000000119 /* ZoomMeetingLinkExtractor.swift */,
				100000000000000000000107 /* CalendarRefreshCoordinator.swift */,
				100000000000000000000115 /* CalendarPermissionController.swift */,
			);
			path = Calendar;
			sourceTree = "<group>";
		};
		100000000000000000000808 /* MenuBar */ = {
			isa = PBXGroup;
			children = (
				100000000000000000000108 /* MenuBarController.swift */,
				100000000000000000000109 /* MenuBuilder.swift */,
				10000000000000000000010A /* MenuBarLabelFormatter.swift */,
				10000000000000000000010B /* MenuIconRenderer.swift */,
				10000000000000000000011B /* DateIconDebugSettings.swift */,
				10000000000000000000011C /* EventTitleTruncator.swift */,
			);
			path = MenuBar;
			sourceTree = "<group>";
		};
		100000000000000000000809 /* Settings */ = {
			isa = PBXGroup;
			children = (
				10000000000000000000010C /* SettingsStore.swift */,
				10000000000000000000010D /* SettingsWindowController.swift */,
				10000000000000000000010E /* SettingsView.swift */,
			);
			path = Settings;
			sourceTree = "<group>";
		};
		10000000000000000000080A /* Utilities */ = {
			isa = PBXGroup;
			children = (
				10000000000000000000010F /* DateFormatting.swift */,
				100000000000000000000112 /* PerchLog.swift */,
				100000000000000000000116 /* GlobalShortcut.swift */,
				100000000000000000000114 /* GlobalHotKeyController.swift */,
			);
			path = Utilities;
			sourceTree = "<group>";
		};
/* End PBXGroup section */

/* Begin PBXNativeTarget section */
		100000000000000000000501 /* Perch */ = {
			isa = PBXNativeTarget;
			buildConfigurationList = 100000000000000000000901 /* Build configuration list for PBXNativeTarget "Perch" */;
			buildPhases = (
				100000000000000000000A01 /* Sources */,
				100000000000000000000701 /* Frameworks */,
				100000000000000000000B01 /* Resources */,
			);
			buildRules = (
			);
			dependencies = (
			);
			name = Perch;
			productName = Perch;
			productReference = 100000000000000000000601 /* Perch.app */;
			productType = "com.apple.product-type.application";
		};
		100000000000000000000502 /* PerchTests */ = {
			isa = PBXNativeTarget;
			buildConfigurationList = 100000000000000000000902 /* Build configuration list for PBXNativeTarget "PerchTests" */;
			buildPhases = (
				100000000000000000000A02 /* Sources */,
				100000000000000000000702 /* Frameworks */,
				100000000000000000000B02 /* Resources */,
			);
			buildRules = (
			);
			dependencies = (
				100000000000000000000302 /* PBXTargetDependency */,
			);
			name = PerchTests;
			productName = PerchTests;
			productReference = 100000000000000000000602 /* PerchTests.xctest */;
			productType = "com.apple.product-type.bundle.unit-test";
		};
/* End PBXNativeTarget section */

/* Begin PBXProject section */
		100000000000000000000401 /* Project object */ = {
			isa = PBXProject;
			attributes = {
				BuildIndependentTargetsInParallel = 1;
				LastSwiftUpdateCheck = 2641;
				LastUpgradeCheck = 2641;
				TargetAttributes = {
					100000000000000000000501 = {
						CreatedOnToolsVersion = 26.4.1;
					};
					100000000000000000000502 = {
						CreatedOnToolsVersion = 26.4.1;
						TestTargetID = 100000000000000000000501;
					};
				};
			};
			buildConfigurationList = 100000000000000000000900 /* Build configuration list for PBXProject "Perch" */;
			compatibilityVersion = "Xcode 14.0";
			developmentRegion = en;
			hasScannedForEncodings = 0;
			knownRegions = (
				en,
				Base,
			);
			mainGroup = 100000000000000000000801;
			productRefGroup = 100000000000000000000805 /* Products */;
			projectDirPath = "";
			projectRoot = "";
			targets = (
				100000000000000000000501 /* Perch */,
				100000000000000000000502 /* PerchTests */,
			);
		};
/* End PBXProject section */

/* Begin PBXResourcesBuildPhase section */
		100000000000000000000B01 /* Resources */ = {
			isa = PBXResourcesBuildPhase;
			buildActionMask = 2147483647;
			files = (
			);
			runOnlyForDeploymentPostprocessing = 0;
		};
		100000000000000000000B02 /* Resources */ = {
			isa = PBXResourcesBuildPhase;
			buildActionMask = 2147483647;
			files = (
			);
			runOnlyForDeploymentPostprocessing = 0;
		};
/* End PBXResourcesBuildPhase section */

/* Begin PBXSourcesBuildPhase section */
		100000000000000000000A01 /* Sources */ = {
			isa = PBXSourcesBuildPhase;
			buildActionMask = 2147483647;
			files = (
				100000000000000000000001 /* AppDelegate.swift in Sources */,
				100000000000000000000013 /* main.swift in Sources */,
				100000000000000000000002 /* CalendarAccessState.swift in Sources */,
				100000000000000000000003 /* MenuBarDisplayMode.swift in Sources */,
				100000000000000000000004 /* CalendarEvent.swift in Sources */,
				100000000000000000000005 /* CalendarProviding.swift in Sources */,
				100000000000000000000006 /* EventKitCalendarProvider.swift in Sources */,
				100000000000000000000007 /* CalendarRefreshCoordinator.swift in Sources */,
				100000000000000000000008 /* MenuBarController.swift in Sources */,
				100000000000000000000009 /* MenuBuilder.swift in Sources */,
				10000000000000000000000A /* MenuBarLabelFormatter.swift in Sources */,
				10000000000000000000000B /* MenuIconRenderer.swift in Sources */,
				10000000000000000000000C /* SettingsStore.swift in Sources */,
				10000000000000000000000D /* SettingsWindowController.swift in Sources */,
				10000000000000000000000E /* SettingsView.swift in Sources */,
				10000000000000000000000F /* DateFormatting.swift in Sources */,
				100000000000000000000010 /* PerchLog.swift in Sources */,
				100000000000000000000017 /* GlobalShortcut.swift in Sources */,
				100000000000000000000018 /* CalendarEventVisibility.swift in Sources */,
				100000000000000000000019 /* CalendarEventOpenURLBuilder.swift in Sources */,
				10000000000000000000001A /* ZoomMeetingLinkExtractor.swift in Sources */,
				10000000000000000000001B /* DateIconDebugSettings.swift in Sources */,
				10000000000000000000001C /* EventTitleTruncator.swift in Sources */,
				100000000000000000000014 /* GlobalHotKeyController.swift in Sources */,
				100000000000000000000016 /* CalendarPermissionController.swift in Sources */,
			);
			runOnlyForDeploymentPostprocessing = 0;
		};
		100000000000000000000A02 /* Sources */ = {
			isa = PBXSourcesBuildPhase;
			buildActionMask = 2147483647;
			files = (
				100000000000000000000021 /* MenuBarLabelFormatterTests.swift in Sources */,
				100000000000000000000022 /* MenuBuilderTests.swift in Sources */,
				100000000000000000000023 /* SettingsStoreTests.swift in Sources */,
				100000000000000000000024 /* CalendarAccessStateTests.swift in Sources */,
				100000000000000000000025 /* CalendarPermissionControllerTests.swift in Sources */,
				100000000000000000000026 /* SettingsViewModelTests.swift in Sources */,
				100000000000000000000027 /* GlobalShortcutTests.swift in Sources */,
				100000000000000000000028 /* GlobalHotKeyControllerTests.swift in Sources */,
				100000000000000000000029 /* CalendarEventOpenURLBuilderTests.swift in Sources */,
				10000000000000000000002A /* ZoomMeetingLinkExtractorTests.swift in Sources */,
				10000000000000000000002B /* MenuIconRendererTests.swift in Sources */,
			);
			runOnlyForDeploymentPostprocessing = 0;
		};
/* End PBXSourcesBuildPhase section */

/* Begin PBXTargetDependency section */
		100000000000000000000302 /* PBXTargetDependency */ = {
			isa = PBXTargetDependency;
			target = 100000000000000000000501 /* Perch */;
			targetProxy = 100000000000000000000301 /* PBXContainerItemProxy */;
		};
/* End PBXTargetDependency section */

/* Begin XCBuildConfiguration section */
		100000000000000000000C01 /* Debug */ = {
			isa = XCBuildConfiguration;
			buildSettings = {
				ALWAYS_SEARCH_USER_PATHS = NO;
				CLANG_ANALYZER_NONNULL = YES;
				CLANG_ANALYZER_NUMBER_OBJECT_CONVERSION = YES_AGGRESSIVE;
				CLANG_CXX_LANGUAGE_STANDARD = "gnu++20";
				CLANG_ENABLE_MODULES = YES;
				CLANG_ENABLE_OBJC_ARC = YES;
				CLANG_ENABLE_OBJC_WEAK = YES;
				CLANG_WARN_BLOCK_CAPTURE_AUTORELEASING = YES;
				CLANG_WARN_BOOL_CONVERSION = YES;
				CLANG_WARN_COMMA = YES;
				CLANG_WARN_CONSTANT_CONVERSION = YES;
				CLANG_WARN_DEPRECATED_OBJC_IMPLEMENTATIONS = YES;
				CLANG_WARN_DIRECT_OBJC_ISA_USAGE = YES_ERROR;
				CLANG_WARN_DOCUMENTATION_COMMENTS = YES;
				CLANG_WARN_EMPTY_BODY = YES;
				CLANG_WARN_ENUM_CONVERSION = YES;
				CLANG_WARN_INFINITE_RECURSION = YES;
				CLANG_WARN_INT_CONVERSION = YES;
				CLANG_WARN_NON_LITERAL_NULL_CONVERSION = YES;
				CLANG_WARN_OBJC_IMPLICIT_RETAIN_SELF = YES;
				CLANG_WARN_OBJC_LITERAL_CONVERSION = YES;
				CLANG_WARN_OBJC_ROOT_CLASS = YES_ERROR;
				CLANG_WARN_QUOTED_INCLUDE_IN_FRAMEWORK_HEADER = YES;
				CLANG_WARN_RANGE_LOOP_ANALYSIS = YES;
				CLANG_WARN_STRICT_PROTOTYPES = YES;
				CLANG_WARN_SUSPICIOUS_MOVE = YES;
				CLANG_WARN_UNGUARDED_AVAILABILITY = YES_AGGRESSIVE;
				CLANG_WARN_UNREACHABLE_CODE = YES;
				CLANG_WARN__DUPLICATE_METHOD_MATCH = YES;
				COPY_PHASE_STRIP = NO;
				DEBUG_INFORMATION_FORMAT = dwarf;
				ENABLE_STRICT_OBJC_MSGSEND = YES;
				ENABLE_TESTABILITY = YES;
				ENABLE_USER_SCRIPT_SANDBOXING = YES;
				GCC_C_LANGUAGE_STANDARD = gnu17;
				GCC_DYNAMIC_NO_PIC = NO;
				GCC_NO_COMMON_BLOCKS = YES;
				GCC_OPTIMIZATION_LEVEL = 0;
				GCC_PREPROCESSOR_DEFINITIONS = (
					"DEBUG=1",
					"$(inherited)",
				);
				GCC_WARN_64_TO_32_BIT_CONVERSION = YES;
				GCC_WARN_ABOUT_RETURN_TYPE = YES_ERROR;
				GCC_WARN_UNDECLARED_SELECTOR = YES;
				GCC_WARN_UNINITIALIZED_AUTOS = YES_AGGRESSIVE;
				GCC_WARN_UNUSED_FUNCTION = YES;
				GCC_WARN_UNUSED_VARIABLE = YES;
				MACOSX_DEPLOYMENT_TARGET = 14.0;
				MTL_ENABLE_DEBUG_INFO = INCLUDE_SOURCE;
				MTL_FAST_MATH = YES;
				ONLY_ACTIVE_ARCH = YES;
				SDKROOT = macosx;
				SWIFT_ACTIVE_COMPILATION_CONDITIONS = DEBUG;
				SWIFT_OPTIMIZATION_LEVEL = "-Onone";
			};
			name = Debug;
		};
		100000000000000000000C02 /* Release */ = {
			isa = XCBuildConfiguration;
			buildSettings = {
				ALWAYS_SEARCH_USER_PATHS = NO;
				CLANG_ANALYZER_NONNULL = YES;
				CLANG_ANALYZER_NUMBER_OBJECT_CONVERSION = YES_AGGRESSIVE;
				CLANG_CXX_LANGUAGE_STANDARD = "gnu++20";
				CLANG_ENABLE_MODULES = YES;
				CLANG_ENABLE_OBJC_ARC = YES;
				CLANG_ENABLE_OBJC_WEAK = YES;
				CLANG_WARN_BLOCK_CAPTURE_AUTORELEASING = YES;
				CLANG_WARN_BOOL_CONVERSION = YES;
				CLANG_WARN_COMMA = YES;
				CLANG_WARN_CONSTANT_CONVERSION = YES;
				CLANG_WARN_DEPRECATED_OBJC_IMPLEMENTATIONS = YES;
				CLANG_WARN_DIRECT_OBJC_ISA_USAGE = YES_ERROR;
				CLANG_WARN_DOCUMENTATION_COMMENTS = YES;
				CLANG_WARN_EMPTY_BODY = YES;
				CLANG_WARN_ENUM_CONVERSION = YES;
				CLANG_WARN_INFINITE_RECURSION = YES;
				CLANG_WARN_INT_CONVERSION = YES;
				CLANG_WARN_NON_LITERAL_NULL_CONVERSION = YES;
				CLANG_WARN_OBJC_IMPLICIT_RETAIN_SELF = YES;
				CLANG_WARN_OBJC_LITERAL_CONVERSION = YES;
				CLANG_WARN_OBJC_ROOT_CLASS = YES_ERROR;
				CLANG_WARN_QUOTED_INCLUDE_IN_FRAMEWORK_HEADER = YES;
				CLANG_WARN_RANGE_LOOP_ANALYSIS = YES;
				CLANG_WARN_STRICT_PROTOTYPES = YES;
				CLANG_WARN_SUSPICIOUS_MOVE = YES;
				CLANG_WARN_UNGUARDED_AVAILABILITY = YES_AGGRESSIVE;
				CLANG_WARN_UNREACHABLE_CODE = YES;
				CLANG_WARN__DUPLICATE_METHOD_MATCH = YES;
				COPY_PHASE_STRIP = NO;
				DEBUG_INFORMATION_FORMAT = "dwarf-with-dsym";
				ENABLE_NS_ASSERTIONS = NO;
				ENABLE_STRICT_OBJC_MSGSEND = YES;
				ENABLE_USER_SCRIPT_SANDBOXING = YES;
				GCC_C_LANGUAGE_STANDARD = gnu17;
				GCC_NO_COMMON_BLOCKS = YES;
				GCC_WARN_64_TO_32_BIT_CONVERSION = YES;
				GCC_WARN_ABOUT_RETURN_TYPE = YES_ERROR;
				GCC_WARN_UNDECLARED_SELECTOR = YES;
				GCC_WARN_UNINITIALIZED_AUTOS = YES_AGGRESSIVE;
				GCC_WARN_UNUSED_FUNCTION = YES;
				GCC_WARN_UNUSED_VARIABLE = YES;
				MACOSX_DEPLOYMENT_TARGET = 14.0;
				MTL_ENABLE_DEBUG_INFO = NO;
				MTL_FAST_MATH = YES;
				SDKROOT = macosx;
				SWIFT_COMPILATION_MODE = wholemodule;
				SWIFT_OPTIMIZATION_LEVEL = "-O";
			};
			name = Release;
		};
		100000000000000000000C03 /* Debug */ = {
			isa = XCBuildConfiguration;
			buildSettings = {
				ASSETCATALOG_COMPILER_GLOBAL_ACCENT_COLOR_NAME = AccentColor;
				CODE_SIGN_ENTITLEMENTS = Perch/Perch.entitlements;
				CODE_SIGN_STYLE = Automatic;
				COMBINE_HIDPI_IMAGES = YES;
				CURRENT_PROJECT_VERSION = 1;
				DEVELOPMENT_TEAM = "";
				ENABLE_DEBUG_DYLIB = NO;
				ENABLE_HARDENED_RUNTIME = YES;
				GENERATE_INFOPLIST_FILE = NO;
				INFOPLIST_FILE = Perch/Info.plist;
				LD_RUNPATH_SEARCH_PATHS = (
					"$(inherited)",
					"@executable_path/../Frameworks",
				);
				MARKETING_VERSION = 1.0;
				PRODUCT_BUNDLE_IDENTIFIER = com.app.perch;
				PRODUCT_NAME = Perch;
				SWIFT_EMIT_LOC_STRINGS = YES;
				SWIFT_VERSION = 5.0;
			};
			name = Debug;
		};
		100000000000000000000C04 /* Release */ = {
			isa = XCBuildConfiguration;
			buildSettings = {
				ASSETCATALOG_COMPILER_GLOBAL_ACCENT_COLOR_NAME = AccentColor;
				CODE_SIGN_ENTITLEMENTS = Perch/Perch.entitlements;
				CODE_SIGN_STYLE = Automatic;
				COMBINE_HIDPI_IMAGES = YES;
				CURRENT_PROJECT_VERSION = 1;
				DEVELOPMENT_TEAM = "";
				ENABLE_DEBUG_DYLIB = NO;
				ENABLE_HARDENED_RUNTIME = YES;
				GENERATE_INFOPLIST_FILE = NO;
				INFOPLIST_FILE = Perch/Info.plist;
				LD_RUNPATH_SEARCH_PATHS = (
					"$(inherited)",
					"@executable_path/../Frameworks",
				);
				MARKETING_VERSION = 1.0;
				PRODUCT_BUNDLE_IDENTIFIER = com.app.perch;
				PRODUCT_NAME = Perch;
				SWIFT_EMIT_LOC_STRINGS = YES;
				SWIFT_VERSION = 5.0;
			};
			name = Release;
		};
		100000000000000000000C05 /* Debug */ = {
			isa = XCBuildConfiguration;
			buildSettings = {
				BUNDLE_LOADER = "$(TEST_HOST)";
				CODE_SIGN_STYLE = Automatic;
				COMBINE_HIDPI_IMAGES = YES;
				CURRENT_PROJECT_VERSION = 1;
				DEVELOPMENT_TEAM = "";
				GENERATE_INFOPLIST_FILE = YES;
				LD_RUNPATH_SEARCH_PATHS = (
					"$(inherited)",
					"@executable_path/../Frameworks",
					"@loader_path/../Frameworks",
				);
				MARKETING_VERSION = 1.0;
				PRODUCT_BUNDLE_IDENTIFIER = com.app.perch.tests;
				PRODUCT_NAME = "$(TARGET_NAME)";
				SWIFT_EMIT_LOC_STRINGS = NO;
				SWIFT_VERSION = 5.0;
				TEST_HOST = "$(BUILT_PRODUCTS_DIR)/Perch.app/Contents/MacOS/Perch";
			};
			name = Debug;
		};
		100000000000000000000C06 /* Release */ = {
			isa = XCBuildConfiguration;
			buildSettings = {
				BUNDLE_LOADER = "$(TEST_HOST)";
				CODE_SIGN_STYLE = Automatic;
				COMBINE_HIDPI_IMAGES = YES;
				CURRENT_PROJECT_VERSION = 1;
				DEVELOPMENT_TEAM = "";
				GENERATE_INFOPLIST_FILE = YES;
				LD_RUNPATH_SEARCH_PATHS = (
					"$(inherited)",
					"@executable_path/../Frameworks",
					"@loader_path/../Frameworks",
				);
				MARKETING_VERSION = 1.0;
				PRODUCT_BUNDLE_IDENTIFIER = com.app.perch.tests;
				PRODUCT_NAME = "$(TARGET_NAME)";
				SWIFT_EMIT_LOC_STRINGS = NO;
				SWIFT_VERSION = 5.0;
				TEST_HOST = "$(BUILT_PRODUCTS_DIR)/Perch.app/Contents/MacOS/Perch";
			};
			name = Release;
		};
/* End XCBuildConfiguration section */

/* Begin XCConfigurationList section */
		100000000000000000000900 /* Build configuration list for PBXProject "Perch" */ = {
			isa = XCConfigurationList;
			buildConfigurations = (
				100000000000000000000C01 /* Debug */,
				100000000000000000000C02 /* Release */,
			);
			defaultConfigurationIsVisible = 0;
			defaultConfigurationName = Release;
		};
		100000000000000000000901 /* Build configuration list for PBXNativeTarget "Perch" */ = {
			isa = XCConfigurationList;
			buildConfigurations = (
				100000000000000000000C03 /* Debug */,
				100000000000000000000C04 /* Release */,
			);
			defaultConfigurationIsVisible = 0;
			defaultConfigurationName = Release;
		};
		100000000000000000000902 /* Build configuration list for PBXNativeTarget "PerchTests" */ = {
			isa = XCConfigurationList;
			buildConfigurations = (
				100000000000000000000C05 /* Debug */,
				100000000000000000000C06 /* Release */,
			);
			defaultConfigurationIsVisible = 0;
			defaultConfigurationName = Release;
		};
/* End XCConfigurationList section */
	};
	rootObject = 100000000000000000000401 /* Project object */;
}
